
Microsoft Visual Studio Solution File, Format Version 12.00
# Visual Studio Version 17
VisualStudioVersion = 17.11.35219.272
MinimumVisualStudioVersion = 10.0.40219.1
Project("{FAE04EC0-301F-11D3-BF4B-00C04F79EFBC}") = "CheapSouls", "SuperAdventure\CheapSouls.csproj", "{9EDE8F4A-1DA6-4DE3-A7C3-550F5B2D9E09}"
EndProject
Project("{FAE04EC0-301F-11D3-BF4B-00C04F79EFBC}") = "Engine", "Engine\Engine.csproj", "{71903A95-B404-4FBD-8BB6-DDA8F39241EB}"
EndProject
Global
	GlobalSection(SolutionConfigurationPlatforms) = preSolution
		Debug|Any CPU = Debug|Any CPU
		Release|Any CPU = Release|Any CPU
	EndGlobalSection
	GlobalSection(ProjectConfigurationPlatforms) = postSolution
		{9EDE8F4A-1DA6-4DE3-A7C3-550F5B2D9E09}.Debug|Any CPU.ActiveCfg = Debug|Any CPU
		{9EDE8F4A-1DA6-4DE3-A7C3-550F5B2D9E09}.Debug|Any CPU.Build.0 = Debug|Any CPU
		{9EDE8F4A-1DA6-4DE3-A7C3-550F5B2D9E09}.Release|Any CPU.ActiveCfg = Release|Any CPU
		{9EDE8F4A-1DA6-4DE3-A7C3-550F5B2D9E09}.Release|Any CPU.Build.0 = Release|Any CPU
		{71903A95-B404-4FBD-8BB6-DDA8F39241EB}.Debug|Any CPU.ActiveCfg = Debug|Any CPU
		{71903A95-B404-4FBD-8BB6-DDA8F39241EB}.Debug|Any CPU.Build.0 = Debug|Any CPU
		{71903A95-B404-4FBD-8BB6-DDA8F39241EB}.Release|Any CPU.ActiveCfg = Release|Any CPU
		{71903A95-B404-4FBD-8BB6-DDA8F39241EB}.Release|Any CPU.Build.0 = Release|Any CPU
	EndGlobalSection
	GlobalSection(SolutionProperties) = preSolution
		HideSolutionNode = FALSE
	EndGlobalSection
	GlobalSection(ExtensibilityGlobals) = postSolution
		SolutionGuid = {A289B2B3-2515-4366-A4CA-E6ADD657BDFF}
	EndGlobalSection
EndGlobal
